
Microsoft Visual Studio Solution File, Format Version 12.00
# Visual Studio Version 17
VisualStudioVersion = 17.1.32328.378
MinimumVisualStudioVersion = 10.0.40219.1
Project("{FAE04EC0-301F-11D3-BF4B-00C04F79EFBC}") = "26", "26\26.csproj", "{9433ED78-30DE-443F-9605-CB488C37AC11}"
EndProject
Global
	GlobalSection(SolutionConfigurationPlatforms) = preSolution
		Debug|Any CPU = Debug|Any CPU
		Release|Any CPU = Release|Any CPU
	EndGlobalSection
	GlobalSection(ProjectConfigurationPlatforms) = postSolution
		{9433ED78-30DE-443F-9605-CB488C37AC11}.Debug|Any CPU.ActiveCfg = Debug|Any CPU
		{9433ED78-30DE-443F-9605-CB488C37AC11}.Debug|Any CPU.Build.0 = Debug|Any CPU
		{9433ED78-30DE-443F-9605-CB488C37AC11}.Release|Any CPU.ActiveCfg = Release|Any CPU
		{9433ED78-30DE-443F-9605-CB488C37AC11}.Release|Any CPU.Build.0 = Release|Any CPU
	EndGlobalSection
	GlobalSection(SolutionProperties) = preSolution
		HideSolutionNode = FALSE
	EndGlobalSection
	GlobalSection(ExtensibilityGlobals) = postSolution
		SolutionGuid = {CF0821DA-4E63-41CB-8D1A-DED5C51CE3E8}
	EndGlobalSection
EndGlobal
